
Microsoft Visual Studio Solution File, Format Version 12.00
# Visual Studio 14
VisualStudioVersion = 14.0.25420.1
MinimumVisualStudioVersion = 10.0.40219.1
Project("{FAE04EC0-301F-11D3-BF4B-00C04F79EFBC}") = "01.CakeTycoon", "01.CakeTycoon\01.CakeTycoon.csproj", "{0DC24075-C8DF-4E02-A6D7-946748811E6E}"
EndProject
Project("{FAE04EC0-301F-11D3-BF4B-00C04F79EFBC}") = "02.BeerStock", "02.BeerStock\02.BeerStock.csproj", "{D1AD074E-358A-4429-8C05-8238C2EDC381}"
EndProject
Project("{FAE04EC0-301F-11D3-BF4B-00C04F79EFBC}") = "03.IlluminatiLock", "03.IlluminatiLock\03.IlluminatiLock.csproj", "{5684648C-B387-4459-A5E2-B62857C40EBA}"
EndProject
Project("{FAE04EC0-301F-11D3-BF4B-00C04F79EFBC}") = "04.MasterHerbalist", "04.MasterHerbalist\04.MasterHerbalist.csproj", "{84083B85-EDF7-4F65-A0BB-53E24FB3E5B6}"
EndProject
Project("{FAE04EC0-301F-11D3-BF4B-00C04F79EFBC}") = "05.EmergencyRepairs", "05.EmergencyRepairs\05.EmergencyRepairs.csproj", "{21E18880-4985-4523-99CC-441B97104E06}"
EndProject
Global
	GlobalSection(SolutionConfigurationPlatforms) = preSolution
		Debug|Any CPU = Debug|Any CPU
		Release|Any CPU = Release|Any CPU
	EndGlobalSection
	GlobalSection(ProjectConfigurationPlatforms) = postSolution
		{0DC24075-C8DF-4E02-A6D7-946748811E6E}.Debug|Any CPU.ActiveCfg = Debug|Any CPU
		{0DC24075-C8DF-4E02-A6D7-946748811E6E}.Debug|Any CPU.Build.0 = Debug|Any CPU
		{0DC24075-C8DF-4E02-A6D7-946748811E6E}.Release|Any CPU.ActiveCfg = Release|Any CPU
		{0DC24075-C8DF-4E02-A6D7-946748811E6E}.Release|Any CPU.Build.0 = Release|Any CPU
		{D1AD074E-358A-4429-8C05-8238C2EDC381}.Debug|Any CPU.ActiveCfg = Debug|Any CPU
		{D1AD074E-358A-4429-8C05-8238C2EDC381}.Debug|Any CPU.Build.0 = Debug|Any CPU
		{D1AD074E-358A-4429-8C05-8238C2EDC381}.Release|Any CPU.ActiveCfg = Release|Any CPU
		{D1AD074E-358A-4429-8C05-8238C2EDC381}.Release|Any CPU.Build.0 = Release|Any CPU
		{5684648C-B387-4459-A5E2-B62857C40EBA}.Debug|Any CPU.ActiveCfg = Debug|Any CPU
		{5684648C-B387-4459-A5E2-B62857C40EBA}.Debug|Any CPU.Build.0 = Debug|Any CPU
		{5684648C-B387-4459-A5E2-B62857C40EBA}.Release|Any CPU.ActiveCfg = Release|Any CPU
		{5684648C-B387-4459-A5E2-B62857C40EBA}.Release|Any CPU.Build.0 = Release|Any CPU
		{84083B85-EDF7-4F65-A0BB-53E24FB3E5B6}.Debug|Any CPU.ActiveCfg = Debug|Any CPU
		{84083B85-EDF7-4F65-A0BB-53E24FB3E5B6}.Debug|Any CPU.Build.0 = Debug|Any CPU
		{84083B85-EDF7-4F65-A0BB-53E24FB3E5B6}.Release|Any CPU.ActiveCfg = Release|Any CPU
		{84083B85-EDF7-4F65-A0BB-53E24FB3E5B6}.Release|Any CPU.Build.0 = Release|Any CPU
		{21E18880-4985-4523-99CC-441B97104E06}.Debug|Any CPU.ActiveCfg = Debug|Any CPU
		{21E18880-4985-4523-99CC-441B97104E06}.Debug|Any CPU.Build.0 = Debug|Any CPU
		{21E18880-4985-4523-99CC-441B97104E06}.Release|Any CPU.ActiveCfg = Release|Any CPU
		{21E18880-4985-4523-99CC-441B97104E06}.Release|Any CPU.Build.0 = Release|Any CPU
	EndGlobalSection
	GlobalSection(SolutionProperties) = preSolution
		HideSolutionNode = FALSE
	EndGlobalSection
EndGlobal
